
Microsoft Visual Studio Solution File, Format Version 12.00
# Visual Studio 2013
VisualStudioVersion = 12.0.21005.1
MinimumVisualStudioVersion = 10.0.40219.1
Project("{FAE04EC0-301F-11D3-BF4B-00C04F79EFBC}") = "Bai1", "Bai1\Bai1.csproj", "{EBC6078E-F421-48D0-BB13-048036D71B8D}"
EndProject
Project("{FAE04EC0-301F-11D3-BF4B-00C04F79EFBC}") = "Bai2", "Bai2\Bai2.csproj", "{DB96342F-97EC-474A-A749-3D65944DE501}"
EndProject
Project("{FAE04EC0-301F-11D3-BF4B-00C04F79EFBC}") = "Bai3", "Bai3\Bai3.csproj", "{E6E58644-2294-42B9-B8C1-1C36E070EC61}"
EndProject
Project("{FAE04EC0-301F-11D3-BF4B-00C04F79EFBC}") = "Bai4", "Bai4\Bai4.csproj", "{D48AB3A9-CE7C-4F28-8C67-C25F4FA23259}"
EndProject
Project("{FAE04EC0-301F-11D3-BF4B-00C04F79EFBC}") = "Bai5", "Bai5\Bai5.csproj", "{8BF2D167-DE5B-4E8D-8097-CE1786DA3B8D}"
EndProject
Project("{FAE04EC0-301F-11D3-BF4B-00C04F79EFBC}") = "Bai6", "Bai6\Bai6.csproj", "{D9DB4D43-3D0E-4E91-A046-3FA9B0C77E46}"
EndProject
Project("{FAE04EC0-301F-11D3-BF4B-00C04F79EFBC}") = "Bai7", "Bai7\Bai7.csproj", "{55F673D2-7684-4E11-9A88-826BBFED3689}"
EndProject
Project("{FAE04EC0-301F-11D3-BF4B-00C04F79EFBC}") = "Bai8", "Bai8\Bai8.csproj", "{E58C40FA-C5C7-4CAE-AD1B-355E275923D5}"
EndProject
Project("{FAE04EC0-301F-11D3-BF4B-00C04F79EFBC}") = "Bai9", "Bai9\Bai9.csproj", "{764BB035-8BD0-45F8-8DC2-838AB63BCAA3}"
EndProject
Project("{FAE04EC0-301F-11D3-BF4B-00C04F79EFBC}") = "Bai10", "Bai10\Bai10.csproj", "{D5066340-85F1-4987-B765-E65A272E89E2}"
EndProject
Project("{FAE04EC0-301F-11D3-BF4B-00C04F79EFBC}") = "BTMang", "BTMang\BTMang.csproj", "{EE9B9A80-578E-4CBC-9EA8-8BA72E974363}"
EndProject
Project("{FAE04EC0-301F-11D3-BF4B-00C04F79EFBC}") = "BTMangSoNguyen", "BTMangSoNguyen\BTMangSoNguyen.csproj", "{37DAD13B-C8F8-41A5-943A-F94993A0C1D9}"
EndProject
Global
	GlobalSection(SolutionConfigurationPlatforms) = preSolution
		Debug|Any CPU = Debug|Any CPU
		Release|Any CPU = Release|Any CPU
	EndGlobalSection
	GlobalSection(ProjectConfigurationPlatforms) = postSolution
		{EBC6078E-F421-48D0-BB13-048036D71B8D}.Debug|Any CPU.ActiveCfg = Debug|Any CPU
		{EBC6078E-F421-48D0-BB13-048036D71B8D}.Debug|Any CPU.Build.0 = Debug|Any CPU
		{EBC6078E-F421-48D0-BB13-048036D71B8D}.Release|Any CPU.ActiveCfg = Release|Any CPU
		{EBC6078E-F421-48D0-BB13-048036D71B8D}.Release|Any CPU.Build.0 = Release|Any CPU
		{DB96342F-97EC-474A-A749-3D65944DE501}.Debug|Any CPU.ActiveCfg = Debug|Any CPU
		{DB96342F-97EC-474A-A749-3D65944DE501}.Debug|Any CPU.Build.0 = Debug|Any CPU
		{DB96342F-97EC-474A-A749-3D65944DE501}.Release|Any CPU.ActiveCfg = Release|Any CPU
		{DB96342F-97EC-474A-A749-3D65944DE501}.Release|Any CPU.Build.0 = Release|Any CPU
		{E6E58644-2294-42B9-B8C1-1C36E070EC61}.Debug|Any CPU.ActiveCfg = Debug|Any CPU
		{E6E58644-2294-42B9-B8C1-1C36E070EC61}.Debug|Any CPU.Build.0 = Debug|Any CPU
		{E6E58644-2294-42B9-B8C1-1C36E070EC61}.Release|Any CPU.ActiveCfg = Release|Any CPU
		{E6E58644-2294-42B9-B8C1-1C36E070EC61}.Release|Any CPU.Build.0 = Release|Any CPU
		{D48AB3A9-CE7C-4F28-8C67-C25F4FA23259}.Debug|Any CPU.ActiveCfg = Debug|Any CPU
		{D48AB3A9-CE7C-4F28-8C67-C25F4FA23259}.Debug|Any CPU.Build.0 = Debug|Any CPU
		{D48AB3A9-CE7C-4F28-8C67-C25F4FA23259}.Release|Any CPU.ActiveCfg = Release|Any CPU
		{D48AB3A9-CE7C-4F28-8C67-C25F4FA23259}.Release|Any CPU.Build.0 = Release|Any CPU
		{8BF2D167-DE5B-4E8D-8097-CE1786DA3B8D}.Debug|Any CPU.ActiveCfg = Debug|Any CPU
		{8BF2D167-DE5B-4E8D-8097-CE1786DA3B8D}.Debug|Any CPU.Build.0 = Debug|Any CPU
		{8BF2D167-DE5B-4E8D-8097-CE1786DA3B8D}.Release|Any CPU.ActiveCfg = Release|Any CPU
		{8BF2D167-DE5B-4E8D-8097-CE1786DA3B8D}.Release|Any CPU.Build.0 = Release|Any CPU
		{D9DB4D43-3D0E-4E91-A046-3FA9B0C77E46}.Debug|Any CPU.ActiveCfg = Debug|Any CPU
		{D9DB4D43-3D0E-4E91-A046-3FA9B0C77E46}.Debug|Any CPU.Build.0 = Debug|Any CPU
		{D9DB4D43-3D0E-4E91-A046-3FA9B0C77E46}.Release|Any CPU.ActiveCfg = Release|Any CPU
		{D9DB4D43-3D0E-4E91-A046-3FA9B0C77E46}.Release|Any CPU.Build.0 = Release|Any CPU
		{55F673D2-7684-4E11-9A88-826BBFED3689}.Debug|Any CPU.ActiveCfg = Debug|Any CPU
		{55F673D2-7684-4E11-9A88-826BBFED3689}.Debug|Any CPU.Build.0 = Debug|Any CPU
		{55F673D2-7684-4E11-9A88-826BBFED3689}.Release|Any CPU.ActiveCfg = Release|Any CPU
		{55F673D2-7684-4E11-9A88-826BBFED3689}.Release|Any CPU.Build.0 = Release|Any CPU
		{E58C40FA-C5C7-4CAE-AD1B-355E275923D5}.Debug|Any CPU.ActiveCfg = Debug|Any CPU
		{E58C40FA-C5C7-4CAE-AD1B-355E275923D5}.Debug|Any CPU.Build.0 = Debug|Any CPU
		{E58C40FA-C5C7-4CAE-AD1B-355E275923D5}.Release|Any CPU.ActiveCfg = Release|Any CPU
		{E58C40FA-C5C7-4CAE-AD1B-355E275923D5}.Release|Any CPU.Build.0 = Release|Any CPU
		{764BB035-8BD0-45F8-8DC2-838AB63BCAA3}.Debug|Any CPU.ActiveCfg = Debug|Any CPU
		{764BB035-8BD0-45F8-8DC2-838AB63BCAA3}.Debug|Any CPU.Build.0 = Debug|Any CPU
		{764BB035-8BD0-45F8-8DC2-838AB63BCAA3}.Release|Any CPU.ActiveCfg = Release|Any CPU
		{764BB035-8BD0-45F8-8DC2-838AB63BCAA3}.Release|Any CPU.Build.0 = Release|Any CPU
		{D5066340-85F1-4987-B765-E65A272E89E2}.Debug|Any CPU.ActiveCfg = Debug|Any CPU
		{D5066340-85F1-4987-B765-E65A272E89E2}.Debug|Any CPU.Build.0 = Debug|Any CPU
		{D5066340-85F1-4987-B765-E65A272E89E2}.Release|Any CPU.ActiveCfg = Release|Any CPU
		{D5066340-85F1-4987-B765-E65A272E89E2}.Release|Any CPU.Build.0 = Release|Any CPU
		{EE9B9A80-578E-4CBC-9EA8-8BA72E974363}.Debug|Any CPU.ActiveCfg = Debug|Any CPU
		{EE9B9A80-578E-4CBC-9EA8-8BA72E974363}.Debug|Any CPU.Build.0 = Debug|Any CPU
		{EE9B9A80-578E-4CBC-9EA8-8BA72E974363}.Release|Any CPU.ActiveCfg = Release|Any CPU
		{EE9B9A80-578E-4CBC-9EA8-8BA72E974363}.Release|Any CPU.Build.0 = Release|Any CPU
		{37DAD13B-C8F8-41A5-943A-F94993A0C1D9}.Debug|Any CPU.ActiveCfg = Debug|Any CPU
		{37DAD13B-C8F8-41A5-943A-F94993A0C1D9}.Debug|Any CPU.Build.0 = Debug|Any CPU
		{37DAD13B-C8F8-41A5-943A-F94993A0C1D9}.Release|Any CPU.ActiveCfg = Release|Any CPU
		{37DAD13B-C8F8-41A5-943A-F94993A0C1D9}.Release|Any CPU.Build.0 = Release|Any CPU
	EndGlobalSection
	GlobalSection(SolutionProperties) = preSolution
		HideSolutionNode = FALSE
	EndGlobalSection
EndGlobal
