
Microsoft Visual Studio Solution File, Format Version 12.00
# Visual Studio 2013
VisualStudioVersion = 12.0.21005.1
MinimumVisualStudioVersion = 10.0.40219.1
Project("{FAE04EC0-301F-11D3-BF4B-00C04F79EFBC}") = "Bai 4", "1911158_NguyenHoangDangKhoa_Chuong1\Bai 4.csproj", "{88D50D0E-8FB3-403B-A681-1907469B7FBB}"
EndProject
Project("{FAE04EC0-301F-11D3-BF4B-00C04F79EFBC}") = "Bai 5", "Bai 5\Bai 5.csproj", "{046A3270-0786-47B3-A010-494CA80E4244}"
EndProject
Project("{FAE04EC0-301F-11D3-BF4B-00C04F79EFBC}") = "Bai 6", "Bai 6\Bai 6.csproj", "{9E230669-7F78-4432-8E62-AFF5C6D1ADDD}"
EndProject
Project("{FAE04EC0-301F-11D3-BF4B-00C04F79EFBC}") = "Bai 7", "Bai 7\Bai 7.csproj", "{253BC858-2ED7-458D-A49F-20F5CCF418CB}"
EndProject
Project("{FAE04EC0-301F-11D3-BF4B-00C04F79EFBC}") = "Bai 8", "Bai 8\Bai 8.csproj", "{133397B6-FCFC-41B7-B47A-3E9C40BC21C8}"
EndProject
Project("{FAE04EC0-301F-11D3-BF4B-00C04F79EFBC}") = "Bai 9", "Bai 9\Bai 9.csproj", "{4F229261-C183-41A2-BF3A-8F3C14193554}"
EndProject
Global
	GlobalSection(SolutionConfigurationPlatforms) = preSolution
		Debug|Any CPU = Debug|Any CPU
		Release|Any CPU = Release|Any CPU
	EndGlobalSection
	GlobalSection(ProjectConfigurationPlatforms) = postSolution
		{88D50D0E-8FB3-403B-A681-1907469B7FBB}.Debug|Any CPU.ActiveCfg = Debug|Any CPU
		{88D50D0E-8FB3-403B-A681-1907469B7FBB}.Debug|Any CPU.Build.0 = Debug|Any CPU
		{88D50D0E-8FB3-403B-A681-1907469B7FBB}.Release|Any CPU.ActiveCfg = Release|Any CPU
		{88D50D0E-8FB3-403B-A681-1907469B7FBB}.Release|Any CPU.Build.0 = Release|Any CPU
		{046A3270-0786-47B3-A010-494CA80E4244}.Debug|Any CPU.ActiveCfg = Debug|Any CPU
		{046A3270-0786-47B3-A010-494CA80E4244}.Debug|Any CPU.Build.0 = Debug|Any CPU
		{046A3270-0786-47B3-A010-494CA80E4244}.Release|Any CPU.ActiveCfg = Release|Any CPU
		{046A3270-0786-47B3-A010-494CA80E4244}.Release|Any CPU.Build.0 = Release|Any CPU
		{9E230669-7F78-4432-8E62-AFF5C6D1ADDD}.Debug|Any CPU.ActiveCfg = Debug|Any CPU
		{9E230669-7F78-4432-8E62-AFF5C6D1ADDD}.Debug|Any CPU.Build.0 = Debug|Any CPU
		{9E230669-7F78-4432-8E62-AFF5C6D1ADDD}.Release|Any CPU.ActiveCfg = Release|Any CPU
		{9E230669-7F78-4432-8E62-AFF5C6D1ADDD}.Release|Any CPU.Build.0 = Release|Any CPU
		{253BC858-2ED7-458D-A49F-20F5CCF418CB}.Debug|Any CPU.ActiveCfg = Debug|Any CPU
		{253BC858-2ED7-458D-A49F-20F5CCF418CB}.Debug|Any CPU.Build.0 = Debug|Any CPU
		{253BC858-2ED7-458D-A49F-20F5CCF418CB}.Release|Any CPU.ActiveCfg = Release|Any CPU
		{253BC858-2ED7-458D-A49F-20F5CCF418CB}.Release|Any CPU.Build.0 = Release|Any CPU
		{133397B6-FCFC-41B7-B47A-3E9C40BC21C8}.Debug|Any CPU.ActiveCfg = Debug|Any CPU
		{133397B6-FCFC-41B7-B47A-3E9C40BC21C8}.Debug|Any CPU.Build.0 = Debug|Any CPU
		{133397B6-FCFC-41B7-B47A-3E9C40BC21C8}.Release|Any CPU.ActiveCfg = Release|Any CPU
		{133397B6-FCFC-41B7-B47A-3E9C40BC21C8}.Release|Any CPU.Build.0 = Release|Any CPU
		{4F229261-C183-41A2-BF3A-8F3C14193554}.Debug|Any CPU.ActiveCfg = Debug|Any CPU
		{4F229261-C183-41A2-BF3A-8F3C14193554}.Debug|Any CPU.Build.0 = Debug|Any CPU
		{4F229261-C183-41A2-BF3A-8F3C14193554}.Release|Any CPU.ActiveCfg = Release|Any CPU
		{4F229261-C183-41A2-BF3A-8F3C14193554}.Release|Any CPU.Build.0 = Release|Any CPU
	EndGlobalSection
	GlobalSection(SolutionProperties) = preSolution
		HideSolutionNode = FALSE
	EndGlobalSection
EndGlobal
