
Microsoft Visual Studio Solution File, Format Version 12.00
# Visual Studio 2013
VisualStudioVersion = 12.0.21005.1
MinimumVisualStudioVersion = 10.0.40219.1
Project("{FAE04EC0-301F-11D3-BF4B-00C04F79EFBC}") = "Bai1", "1911158_NguyenHoangDangKhoa_Chuong2\Bai1.csproj", "{C06CF09D-0DF0-4D6F-93D0-77BAF0BEE546}"
EndProject
Project("{FAE04EC0-301F-11D3-BF4B-00C04F79EFBC}") = "Bai2", "Bai2\Bai2.csproj", "{6C10104C-6D97-4D28-AECE-7E1172941B3B}"
EndProject
Project("{FAE04EC0-301F-11D3-BF4B-00C04F79EFBC}") = "Bai3", "Bai3\Bai3.csproj", "{6024A725-5C52-4210-913B-F625CF1F526B}"
EndProject
Project("{FAE04EC0-301F-11D3-BF4B-00C04F79EFBC}") = "Bai4", "Bai4\Bai4.csproj", "{421EB5E7-F69E-4022-B515-9904B3D4707F}"
EndProject
Project("{FAE04EC0-301F-11D3-BF4B-00C04F79EFBC}") = "Bai5", "Bai5\Bai5.csproj", "{1A7AD305-C587-462D-8576-280EACDE4BD0}"
EndProject
Project("{FAE04EC0-301F-11D3-BF4B-00C04F79EFBC}") = "Bai6", "Bai6\Bai6.csproj", "{84351679-DEEA-467E-8BEB-4257B2173B8F}"
EndProject
Project("{FAE04EC0-301F-11D3-BF4B-00C04F79EFBC}") = "Bai7", "Bai 7\Bai7.csproj", "{49450350-E178-4744-B77C-2EBECA645F3D}"
EndProject
Project("{FAE04EC0-301F-11D3-BF4B-00C04F79EFBC}") = "Bai8", "Bai8\Bai8.csproj", "{2DF9FAB5-D947-4723-B737-BB5012CDE63B}"
EndProject
Project("{FAE04EC0-301F-11D3-BF4B-00C04F79EFBC}") = "Bai9", "Bai9\Bai9.csproj", "{1B1FC97D-7C90-4177-A576-8B2B00F91865}"
EndProject
Project("{FAE04EC0-301F-11D3-BF4B-00C04F79EFBC}") = "Bai10", "Bai10\Bai10.csproj", "{3D73D5B7-EEDE-4487-93AE-74D80802025C}"
EndProject
Project("{FAE04EC0-301F-11D3-BF4B-00C04F79EFBC}") = "Bai11", "Bai11\Bai11.csproj", "{3C474839-42CF-49E6-A1F9-ADD6D88F641F}"
EndProject
Project("{FAE04EC0-301F-11D3-BF4B-00C04F79EFBC}") = "Bai12", "Bai12\Bai12.csproj", "{E88420A0-33B3-4F44-B190-04F042437D9B}"
EndProject
Project("{FAE04EC0-301F-11D3-BF4B-00C04F79EFBC}") = "Bai13", "Bai13\Bai13.csproj", "{71BC443F-3B1F-48DA-AEE8-FA22A5539705}"
EndProject
Project("{FAE04EC0-301F-11D3-BF4B-00C04F79EFBC}") = "Bai14", "Bai14\Bai14.csproj", "{EACCADDD-A562-4939-87C7-8666A6443EC1}"
EndProject
Project("{FAE04EC0-301F-11D3-BF4B-00C04F79EFBC}") = "Bai15", "Bai15\Bai15.csproj", "{ECD1D162-7906-4D85-BCF2-8985470D6C43}"
EndProject
Project("{FAE04EC0-301F-11D3-BF4B-00C04F79EFBC}") = "Bai16", "Bai16\Bai16.csproj", "{C8A34F93-7927-41F4-BA01-69D691CC1005}"
EndProject
Project("{FAE04EC0-301F-11D3-BF4B-00C04F79EFBC}") = "Bai17", "Bai17\Bai17.csproj", "{D92A1BD1-64AD-416E-A7A7-785530242679}"
EndProject
Project("{FAE04EC0-301F-11D3-BF4B-00C04F79EFBC}") = "Bai18", "Bai18\Bai18.csproj", "{08328CF2-B4D8-455D-8411-B4134F835C24}"
EndProject
Global
	GlobalSection(SolutionConfigurationPlatforms) = preSolution
		Debug|Any CPU = Debug|Any CPU
		Release|Any CPU = Release|Any CPU
	EndGlobalSection
	GlobalSection(ProjectConfigurationPlatforms) = postSolution
		{C06CF09D-0DF0-4D6F-93D0-77BAF0BEE546}.Debug|Any CPU.ActiveCfg = Debug|Any CPU
		{C06CF09D-0DF0-4D6F-93D0-77BAF0BEE546}.Debug|Any CPU.Build.0 = Debug|Any CPU
		{C06CF09D-0DF0-4D6F-93D0-77BAF0BEE546}.Release|Any CPU.ActiveCfg = Release|Any CPU
		{C06CF09D-0DF0-4D6F-93D0-77BAF0BEE546}.Release|Any CPU.Build.0 = Release|Any CPU
		{6C10104C-6D97-4D28-AECE-7E1172941B3B}.Debug|Any CPU.ActiveCfg = Debug|Any CPU
		{6C10104C-6D97-4D28-AECE-7E1172941B3B}.Debug|Any CPU.Build.0 = Debug|Any CPU
		{6C10104C-6D97-4D28-AECE-7E1172941B3B}.Release|Any CPU.ActiveCfg = Release|Any CPU
		{6C10104C-6D97-4D28-AECE-7E1172941B3B}.Release|Any CPU.Build.0 = Release|Any CPU
		{6024A725-5C52-4210-913B-F625CF1F526B}.Debug|Any CPU.ActiveCfg = Debug|Any CPU
		{6024A725-5C52-4210-913B-F625CF1F526B}.Debug|Any CPU.Build.0 = Debug|Any CPU
		{6024A725-5C52-4210-913B-F625CF1F526B}.Release|Any CPU.ActiveCfg = Release|Any CPU
		{6024A725-5C52-4210-913B-F625CF1F526B}.Release|Any CPU.Build.0 = Release|Any CPU
		{421EB5E7-F69E-4022-B515-9904B3D4707F}.Debug|Any CPU.ActiveCfg = Debug|Any CPU
		{421EB5E7-F69E-4022-B515-9904B3D4707F}.Debug|Any CPU.Build.0 = Debug|Any CPU
		{421EB5E7-F69E-4022-B515-9904B3D4707F}.Release|Any CPU.ActiveCfg = Release|Any CPU
		{421EB5E7-F69E-4022-B515-9904B3D4707F}.Release|Any CPU.Build.0 = Release|Any CPU
		{1A7AD305-C587-462D-8576-280EACDE4BD0}.Debug|Any CPU.ActiveCfg = Debug|Any CPU
		{1A7AD305-C587-462D-8576-280EACDE4BD0}.Debug|Any CPU.Build.0 = Debug|Any CPU
		{1A7AD305-C587-462D-8576-280EACDE4BD0}.Release|Any CPU.ActiveCfg = Release|Any CPU
		{1A7AD305-C587-462D-8576-280EACDE4BD0}.Release|Any CPU.Build.0 = Release|Any CPU
		{84351679-DEEA-467E-8BEB-4257B2173B8F}.Debug|Any CPU.ActiveCfg = Debug|Any CPU
		{84351679-DEEA-467E-8BEB-4257B2173B8F}.Debug|Any CPU.Build.0 = Debug|Any CPU
		{84351679-DEEA-467E-8BEB-4257B2173B8F}.Release|Any CPU.ActiveCfg = Release|Any CPU
		{84351679-DEEA-467E-8BEB-4257B2173B8F}.Release|Any CPU.Build.0 = Release|Any CPU
		{49450350-E178-4744-B77C-2EBECA645F3D}.Debug|Any CPU.ActiveCfg = Debug|Any CPU
		{49450350-E178-4744-B77C-2EBECA645F3D}.Debug|Any CPU.Build.0 = Debug|Any CPU
		{49450350-E178-4744-B77C-2EBECA645F3D}.Release|Any CPU.ActiveCfg = Release|Any CPU
		{49450350-E178-4744-B77C-2EBECA645F3D}.Release|Any CPU.Build.0 = Release|Any CPU
		{2DF9FAB5-D947-4723-B737-BB5012CDE63B}.Debug|Any CPU.ActiveCfg = Debug|Any CPU
		{2DF9FAB5-D947-4723-B737-BB5012CDE63B}.Debug|Any CPU.Build.0 = Debug|Any CPU
		{2DF9FAB5-D947-4723-B737-BB5012CDE63B}.Release|Any CPU.ActiveCfg = Release|Any CPU
		{2DF9FAB5-D947-4723-B737-BB5012CDE63B}.Release|Any CPU.Build.0 = Release|Any CPU
		{1B1FC97D-7C90-4177-A576-8B2B00F91865}.Debug|Any CPU.ActiveCfg = Debug|Any CPU
		{1B1FC97D-7C90-4177-A576-8B2B00F91865}.Debug|Any CPU.Build.0 = Debug|Any CPU
		{1B1FC97D-7C90-4177-A576-8B2B00F91865}.Release|Any CPU.ActiveCfg = Release|Any CPU
		{1B1FC97D-7C90-4177-A576-8B2B00F91865}.Release|Any CPU.Build.0 = Release|Any CPU
		{3D73D5B7-EEDE-4487-93AE-74D80802025C}.Debug|Any CPU.ActiveCfg = Debug|Any CPU
		{3D73D5B7-EEDE-4487-93AE-74D80802025C}.Debug|Any CPU.Build.0 = Debug|Any CPU
		{3D73D5B7-EEDE-4487-93AE-74D80802025C}.Release|Any CPU.ActiveCfg = Release|Any CPU
		{3D73D5B7-EEDE-4487-93AE-74D80802025C}.Release|Any CPU.Build.0 = Release|Any CPU
		{3C474839-42CF-49E6-A1F9-ADD6D88F641F}.Debug|Any CPU.ActiveCfg = Debug|Any CPU
		{3C474839-42CF-49E6-A1F9-ADD6D88F641F}.Debug|Any CPU.Build.0 = Debug|Any CPU
		{3C474839-42CF-49E6-A1F9-ADD6D88F641F}.Release|Any CPU.ActiveCfg = Release|Any CPU
		{3C474839-42CF-49E6-A1F9-ADD6D88F641F}.Release|Any CPU.Build.0 = Release|Any CPU
		{E88420A0-33B3-4F44-B190-04F042437D9B}.Debug|Any CPU.ActiveCfg = Debug|Any CPU
		{E88420A0-33B3-4F44-B190-04F042437D9B}.Debug|Any CPU.Build.0 = Debug|Any CPU
		{E88420A0-33B3-4F44-B190-04F042437D9B}.Release|Any CPU.ActiveCfg = Release|Any CPU
		{E88420A0-33B3-4F44-B190-04F042437D9B}.Release|Any CPU.Build.0 = Release|Any CPU
		{71BC443F-3B1F-48DA-AEE8-FA22A5539705}.Debug|Any CPU.ActiveCfg = Debug|Any CPU
		{71BC443F-3B1F-48DA-AEE8-FA22A5539705}.Debug|Any CPU.Build.0 = Debug|Any CPU
		{71BC443F-3B1F-48DA-AEE8-FA22A5539705}.Release|Any CPU.ActiveCfg = Release|Any CPU
		{71BC443F-3B1F-48DA-AEE8-FA22A5539705}.Release|Any CPU.Build.0 = Release|Any CPU
		{EACCADDD-A562-4939-87C7-8666A6443EC1}.Debug|Any CPU.ActiveCfg = Debug|Any CPU
		{EACCADDD-A562-4939-87C7-8666A6443EC1}.Debug|Any CPU.Build.0 = Debug|Any CPU
		{EACCADDD-A562-4939-87C7-8666A6443EC1}.Release|Any CPU.ActiveCfg = Release|Any CPU
		{EACCADDD-A562-4939-87C7-8666A6443EC1}.Release|Any CPU.Build.0 = Release|Any CPU
		{ECD1D162-7906-4D85-BCF2-8985470D6C43}.Debug|Any CPU.ActiveCfg = Debug|Any CPU
		{ECD1D162-7906-4D85-BCF2-8985470D6C43}.Debug|Any CPU.Build.0 = Debug|Any CPU
		{ECD1D162-7906-4D85-BCF2-8985470D6C43}.Release|Any CPU.ActiveCfg = Release|Any CPU
		{ECD1D162-7906-4D85-BCF2-8985470D6C43}.Release|Any CPU.Build.0 = Release|Any CPU
		{C8A34F93-7927-41F4-BA01-69D691CC1005}.Debug|Any CPU.ActiveCfg = Debug|Any CPU
		{C8A34F93-7927-41F4-BA01-69D691CC1005}.Debug|Any CPU.Build.0 = Debug|Any CPU
		{C8A34F93-7927-41F4-BA01-69D691CC1005}.Release|Any CPU.ActiveCfg = Release|Any CPU
		{C8A34F93-7927-41F4-BA01-69D691CC1005}.Release|Any CPU.Build.0 = Release|Any CPU
		{D92A1BD1-64AD-416E-A7A7-785530242679}.Debug|Any CPU.ActiveCfg = Debug|Any CPU
		{D92A1BD1-64AD-416E-A7A7-785530242679}.Debug|Any CPU.Build.0 = Debug|Any CPU
		{D92A1BD1-64AD-416E-A7A7-785530242679}.Release|Any CPU.ActiveCfg = Release|Any CPU
		{D92A1BD1-64AD-416E-A7A7-785530242679}.Release|Any CPU.Build.0 = Release|Any CPU
		{08328CF2-B4D8-455D-8411-B4134F835C24}.Debug|Any CPU.ActiveCfg = Debug|Any CPU
		{08328CF2-B4D8-455D-8411-B4134F835C24}.Debug|Any CPU.Build.0 = Debug|Any CPU
		{08328CF2-B4D8-455D-8411-B4134F835C24}.Release|Any CPU.ActiveCfg = Release|Any CPU
		{08328CF2-B4D8-455D-8411-B4134F835C24}.Release|Any CPU.Build.0 = Release|Any CPU
	EndGlobalSection
	GlobalSection(SolutionProperties) = preSolution
		HideSolutionNode = FALSE
	EndGlobalSection
EndGlobal
